
Microsoft Visual Studio Solution File, Format Version 12.00
# Visual Studio Version 17
VisualStudioVersion = 17.2.32630.192
MinimumVisualStudioVersion = 10.0.40219.1
Project("{2150E333-8FDC-42A3-9474-1A3956D46DE8}") = "src", "src", "{ADA885DF-AC4A-4136-9A10-15E43747CECE}"
EndProject
Project("{2150E333-8FDC-42A3-9474-1A3956D46DE8}") = "API", "API", "{1352CCA1-F580-4E4B-AA37-829DE4326B70}"
EndProject
Project("{2150E333-8FDC-42A3-9474-1A3956D46DE8}") = "Clients", "Clients", "{40A6B2D3-F6B1-43D5-97A9-FE38E7C3CE49}"
EndProject
Project("{2150E333-8FDC-42A3-9474-1A3956D46DE8}") = "Shared", "Shared", "{DAFF07AE-710C-4D99-9E82-D0E3372A9E34}"
EndProject
Project("{2150E333-8FDC-42A3-9474-1A3956D46DE8}") = "Projections", "Projections", "{FE08F4DB-C98E-460B-891F-A29677A71822}"
EndProject
Project("{2150E333-8FDC-42A3-9474-1A3956D46DE8}") = "Core", "Core", "{2E8002EF-4439-44F2-B1DA-27799C513FD6}"
EndProject
Project("{2150E333-8FDC-42A3-9474-1A3956D46DE8}") = "Infrastructure", "Infrastructure", "{09A3F40E-F06B-4DFF-B31F-0449269F6D6E}"
EndProject
Project("{2150E333-8FDC-42A3-9474-1A3956D46DE8}") = "WebAPI", "WebAPI", "{D37C8C5B-2842-4AE4-8D08-6883530755CE}"
EndProject
Project("{9A19103F-16F7-4668-BE54-9A1E7A4F7556}") = "EksiSozluk.API.Application", "src\API\Core\EksiSozluk.API.Application\EksiSozluk.API.Application.csproj", "{49A506FE-FF1C-4DAE-8D42-EBB4B7BE5B07}"
EndProject
Project("{9A19103F-16F7-4668-BE54-9A1E7A4F7556}") = "EksiSozluk.API.Domain", "src\API\Core\EksiSozluk.API.Domain\EksiSozluk.API.Domain.csproj", "{B7F48C9A-A88F-4DEA-82AC-C8767AC6B429}"
EndProject
Project("{9A19103F-16F7-4668-BE54-9A1E7A4F7556}") = "EksiSozluk.API.Persistence", "src\API\Infrastructure\EksiSozluk.API.Persistence\EksiSozluk.API.Persistence.csproj", "{E5E3EAC5-1A50-415B-817F-6544E5A6C6EC}"
EndProject
Project("{9A19103F-16F7-4668-BE54-9A1E7A4F7556}") = "EksiSozluk.API.Infrastructure", "src\API\Infrastructure\EksiSozluk.API.Infrastructure\EksiSozluk.API.Infrastructure.csproj", "{727A81CE-C2A5-48FF-8389-4533CE177346}"
EndProject
Project("{9A19103F-16F7-4668-BE54-9A1E7A4F7556}") = "EksiSozluk.API.WebAPI", "src\API\WebAPI\EksiSozluk.API.WebAPI\EksiSozluk.API.WebAPI.csproj", "{DA92FCA0-75C4-4103-90DA-B7A69BFBF628}"
EndProject
Project("{9A19103F-16F7-4668-BE54-9A1E7A4F7556}") = "EksiSozluk.Shared", "src\Shared\EksiSozluk.Shared\EksiSozluk.Shared.csproj", "{EE3A4678-DF88-4479-B70E-52BB60231D86}"
EndProject
Project("{2150E333-8FDC-42A3-9474-1A3956D46DE8}") = "Blazor", "Blazor", "{F8AFB1D9-2104-43F6-9A87-B4FFC8ACD485}"
EndProject
Project("{9A19103F-16F7-4668-BE54-9A1E7A4F7556}") = "EksiSozluk.BlazorWebApp", "src\Clients\Blazor\EksiSozluk.BlazorWebApp\EksiSozluk.BlazorWebApp.csproj", "{5DC1ECFF-E8C4-49B4-ACBE-026866F18582}"
EndProject
Project("{FAE04EC0-301F-11D3-BF4B-00C04F79EFBC}") = "EksiSozluk.Projections.FavoriteWorkerService", "src\Projections\EksiSozluk.Projections.FavoriteWorkerService\EksiSozluk.Projections.FavoriteWorkerService.csproj", "{0A775689-9ECB-410E-BF99-87962B241A4C}"
EndProject
Project("{FAE04EC0-301F-11D3-BF4B-00C04F79EFBC}") = "EksiSozluk.Projections.VoteWorkerService", "src\Projections\EksiSozluk.Projections.VoteWorkerService\EksiSozluk.Projections.VoteWorkerService.csproj", "{6B3A1BF6-FAB9-493B-8788-7EFAAE05D11E}"
EndProject
Global
	GlobalSection(SolutionConfigurationPlatforms) = preSolution
		Debug|Any CPU = Debug|Any CPU
		Release|Any CPU = Release|Any CPU
	EndGlobalSection
	GlobalSection(ProjectConfigurationPlatforms) = postSolution
		{49A506FE-FF1C-4DAE-8D42-EBB4B7BE5B07}.Debug|Any CPU.ActiveCfg = Debug|Any CPU
		{49A506FE-FF1C-4DAE-8D42-EBB4B7BE5B07}.Debug|Any CPU.Build.0 = Debug|Any CPU
		{49A506FE-FF1C-4DAE-8D42-EBB4B7BE5B07}.Release|Any CPU.ActiveCfg = Release|Any CPU
		{49A506FE-FF1C-4DAE-8D42-EBB4B7BE5B07}.Release|Any CPU.Build.0 = Release|Any CPU
		{B7F48C9A-A88F-4DEA-82AC-C8767AC6B429}.Debug|Any CPU.ActiveCfg = Debug|Any CPU
		{B7F48C9A-A88F-4DEA-82AC-C8767AC6B429}.Debug|Any CPU.Build.0 = Debug|Any CPU
		{B7F48C9A-A88F-4DEA-82AC-C8767AC6B429}.Release|Any CPU.ActiveCfg = Release|Any CPU
		{B7F48C9A-A88F-4DEA-82AC-C8767AC6B429}.Release|Any CPU.Build.0 = Release|Any CPU
		{E5E3EAC5-1A50-415B-817F-6544E5A6C6EC}.Debug|Any CPU.ActiveCfg = Debug|Any CPU
		{E5E3EAC5-1A50-415B-817F-6544E5A6C6EC}.Debug|Any CPU.Build.0 = Debug|Any CPU
		{E5E3EAC5-1A50-415B-817F-6544E5A6C6EC}.Release|Any CPU.ActiveCfg = Release|Any CPU
		{E5E3EAC5-1A50-415B-817F-6544E5A6C6EC}.Release|Any CPU.Build.0 = Release|Any CPU
		{727A81CE-C2A5-48FF-8389-4533CE177346}.Debug|Any CPU.ActiveCfg = Debug|Any CPU
		{727A81CE-C2A5-48FF-8389-4533CE177346}.Debug|Any CPU.Build.0 = Debug|Any CPU
		{727A81CE-C2A5-48FF-8389-4533CE177346}.Release|Any CPU.ActiveCfg = Release|Any CPU
		{727A81CE-C2A5-48FF-8389-4533CE177346}.Release|Any CPU.Build.0 = Release|Any CPU
		{DA92FCA0-75C4-4103-90DA-B7A69BFBF628}.Debug|Any CPU.ActiveCfg = Debug|Any CPU
		{DA92FCA0-75C4-4103-90DA-B7A69BFBF628}.Debug|Any CPU.Build.0 = Debug|Any CPU
		{DA92FCA0-75C4-4103-90DA-B7A69BFBF628}.Release|Any CPU.ActiveCfg = Release|Any CPU
		{DA92FCA0-75C4-4103-90DA-B7A69BFBF628}.Release|Any CPU.Build.0 = Release|Any CPU
		{EE3A4678-DF88-4479-B70E-52BB60231D86}.Debug|Any CPU.ActiveCfg = Debug|Any CPU
		{EE3A4678-DF88-4479-B70E-52BB60231D86}.Debug|Any CPU.Build.0 = Debug|Any CPU
		{EE3A4678-DF88-4479-B70E-52BB60231D86}.Release|Any CPU.ActiveCfg = Release|Any CPU
		{EE3A4678-DF88-4479-B70E-52BB60231D86}.Release|Any CPU.Build.0 = Release|Any CPU
		{5DC1ECFF-E8C4-49B4-ACBE-026866F18582}.Debug|Any CPU.ActiveCfg = Debug|Any CPU
		{5DC1ECFF-E8C4-49B4-ACBE-026866F18582}.Debug|Any CPU.Build.0 = Debug|Any CPU
		{5DC1ECFF-E8C4-49B4-ACBE-026866F18582}.Release|Any CPU.ActiveCfg = Release|Any CPU
		{5DC1ECFF-E8C4-49B4-ACBE-026866F18582}.Release|Any CPU.Build.0 = Release|Any CPU
		{0A775689-9ECB-410E-BF99-87962B241A4C}.Debug|Any CPU.ActiveCfg = Debug|Any CPU
		{0A775689-9ECB-410E-BF99-87962B241A4C}.Debug|Any CPU.Build.0 = Debug|Any CPU
		{0A775689-9ECB-410E-BF99-87962B241A4C}.Release|Any CPU.ActiveCfg = Release|Any CPU
		{0A775689-9ECB-410E-BF99-87962B241A4C}.Release|Any CPU.Build.0 = Release|Any CPU
		{6B3A1BF6-FAB9-493B-8788-7EFAAE05D11E}.Debug|Any CPU.ActiveCfg = Debug|Any CPU
		{6B3A1BF6-FAB9-493B-8788-7EFAAE05D11E}.Debug|Any CPU.Build.0 = Debug|Any CPU
		{6B3A1BF6-FAB9-493B-8788-7EFAAE05D11E}.Release|Any CPU.ActiveCfg = Release|Any CPU
		{6B3A1BF6-FAB9-493B-8788-7EFAAE05D11E}.Release|Any CPU.Build.0 = Release|Any CPU
	EndGlobalSection
	GlobalSection(SolutionProperties) = preSolution
		HideSolutionNode = FALSE
	EndGlobalSection
	GlobalSection(NestedProjects) = preSolution
		{1352CCA1-F580-4E4B-AA37-829DE4326B70} = {ADA885DF-AC4A-4136-9A10-15E43747CECE}
		{40A6B2D3-F6B1-43D5-97A9-FE38E7C3CE49} = {ADA885DF-AC4A-4136-9A10-15E43747CECE}
		{DAFF07AE-710C-4D99-9E82-D0E3372A9E34} = {ADA885DF-AC4A-4136-9A10-15E43747CECE}
		{FE08F4DB-C98E-460B-891F-A29677A71822} = {ADA885DF-AC4A-4136-9A10-15E43747CECE}
		{2E8002EF-4439-44F2-B1DA-27799C513FD6} = {1352CCA1-F580-4E4B-AA37-829DE4326B70}
		{09A3F40E-F06B-4DFF-B31F-0449269F6D6E} = {1352CCA1-F580-4E4B-AA37-829DE4326B70}
		{D37C8C5B-2842-4AE4-8D08-6883530755CE} = {1352CCA1-F580-4E4B-AA37-829DE4326B70}
		{49A506FE-FF1C-4DAE-8D42-EBB4B7BE5B07} = {2E8002EF-4439-44F2-B1DA-27799C513FD6}
		{B7F48C9A-A88F-4DEA-82AC-C8767AC6B429} = {2E8002EF-4439-44F2-B1DA-27799C513FD6}
		{E5E3EAC5-1A50-415B-817F-6544E5A6C6EC} = {09A3F40E-F06B-4DFF-B31F-0449269F6D6E}
		{727A81CE-C2A5-48FF-8389-4533CE177346} = {09A3F40E-F06B-4DFF-B31F-0449269F6D6E}
		{DA92FCA0-75C4-4103-90DA-B7A69BFBF628} = {D37C8C5B-2842-4AE4-8D08-6883530755CE}
		{EE3A4678-DF88-4479-B70E-52BB60231D86} = {DAFF07AE-710C-4D99-9E82-D0E3372A9E34}
		{F8AFB1D9-2104-43F6-9A87-B4FFC8ACD485} = {40A6B2D3-F6B1-43D5-97A9-FE38E7C3CE49}
		{5DC1ECFF-E8C4-49B4-ACBE-026866F18582} = {F8AFB1D9-2104-43F6-9A87-B4FFC8ACD485}
		{0A775689-9ECB-410E-BF99-87962B241A4C} = {FE08F4DB-C98E-460B-891F-A29677A71822}
		{6B3A1BF6-FAB9-493B-8788-7EFAAE05D11E} = {FE08F4DB-C98E-460B-891F-A29677A71822}
	EndGlobalSection
	GlobalSection(ExtensibilityGlobals) = postSolution
		SolutionGuid = {CF84BD8C-556A-4010-AC4D-611D0F627F2D}
	EndGlobalSection
EndGlobal
